
Microsoft Visual Studio Solution File, Format Version 12.00
# Visual Studio Version 17
VisualStudioVersion = 17.4.33205.214
MinimumVisualStudioVersion = 10.0.40219.1
Project("{FAE04EC0-301F-11D3-BF4B-00C04F79EFBC}") = "Publisher", "Publisher\Publisher.csproj", "{EF79D9E4-5C82-4515-8CDF-405DEA9F40EA}"
EndProject
Project("{FAE04EC0-301F-11D3-BF4B-00C04F79EFBC}") = "Subscriber", "Subscriber\Subscriber.csproj", "{DC0A0C29-8A19-4875-A3E0-14A54FB3E299}"
EndProject
Global
	GlobalSection(SolutionConfigurationPlatforms) = preSolution
		Debug|Any CPU = Debug|Any CPU
		Release|Any CPU = Release|Any CPU
	EndGlobalSection
	GlobalSection(ProjectConfigurationPlatforms) = postSolution
		{EF79D9E4-5C82-4515-8CDF-405DEA9F40EA}.Debug|Any CPU.ActiveCfg = Debug|Any CPU
		{EF79D9E4-5C82-4515-8CDF-405DEA9F40EA}.Debug|Any CPU.Build.0 = Debug|Any CPU
		{EF79D9E4-5C82-4515-8CDF-405DEA9F40EA}.Release|Any CPU.ActiveCfg = Release|Any CPU
		{EF79D9E4-5C82-4515-8CDF-405DEA9F40EA}.Release|Any CPU.Build.0 = Release|Any CPU
		{DC0A0C29-8A19-4875-A3E0-14A54FB3E299}.Debug|Any CPU.ActiveCfg = Debug|Any CPU
		{DC0A0C29-8A19-4875-A3E0-14A54FB3E299}.Debug|Any CPU.Build.0 = Debug|Any CPU
		{DC0A0C29-8A19-4875-A3E0-14A54FB3E299}.Release|Any CPU.ActiveCfg = Release|Any CPU
		{DC0A0C29-8A19-4875-A3E0-14A54FB3E299}.Release|Any CPU.Build.0 = Release|Any CPU
	EndGlobalSection
	GlobalSection(SolutionProperties) = preSolution
		HideSolutionNode = FALSE
	EndGlobalSection
	GlobalSection(ExtensibilityGlobals) = postSolution
		SolutionGuid = {6D0C8589-67F2-41D6-9BD7-1EA1C59F5999}
	EndGlobalSection
EndGlobal
